{
  "version": 4,
  "terraform_version": "1.9.6",
  "serial": 223,
  "lineage": "8253686b-7150-9df9-2f6d-d99076ab909d",
  "outputs": {},
  "resources": [
    {
      "mode": "managed",
      "type": "azurerm_resource_group",
      "name": "rg",
      "provider": "provider[\"registry.terraform.io/hashicorp/azurerm\"]",
      "instances": [
        {
          "schema_version": 0,
          "attributes": {
            "id": "/subscriptions/e33683ea-80e9-4591-8bb0-6d477a3a7d03/resourceGroups/MyResourceGroup",
            "location": "eastasia",
            "managed_by": "",
            "name": "MyResourceGroup",
            "tags": {},
            "timeouts": null
          },
          "sensitive_attributes": [],
          "private": "eyJlMmJmYjczMC1lY2FhLTExZTYtOGY4OC0zNDM2M2JjN2M0YzAiOnsiY3JlYXRlIjo1NDAwMDAwMDAwMDAwLCJkZWxldGUiOjU0MDAwMDAwMDAwMDAsInJlYWQiOjMwMDAwMDAwMDAwMCwidXBkYXRlIjo1NDAwMDAwMDAwMDAwfX0="
        }
      ]
    },
    {
      "mode": "managed",
      "type": "azurerm_subnet",
      "name": "Vnet-WebSubnet",
      "provider": "provider[\"registry.terraform.io/hashicorp/azurerm\"]",
      "instances": [
        {
          "schema_version": 0,
          "attributes": {
            "address_prefixes": [
              "10.0.2.0/24"
            ],
            "default_outbound_access_enabled": true,
            "delegation": [],
            "id": "/subscriptions/e33683ea-80e9-4591-8bb0-6d477a3a7d03/resourceGroups/MyResourceGroup/providers/Microsoft.Network/virtualNetworks/Week2-Vnet/subnets/WebSubnet",
            "name": "WebSubnet",
            "private_endpoint_network_policies": "Disabled",
            "private_link_service_network_policies_enabled": true,
            "resource_group_name": "MyResourceGroup",
            "service_endpoint_policy_ids": [],
            "service_endpoints": [],
            "timeouts": null,
            "virtual_network_name": "Week2-Vnet"
          },
          "sensitive_attributes": [],
          "private": "eyJlMmJmYjczMC1lY2FhLTExZTYtOGY4OC0zNDM2M2JjN2M0YzAiOnsiY3JlYXRlIjoxODAwMDAwMDAwMDAwLCJkZWxldGUiOjE4MDAwMDAwMDAwMDAsInJlYWQiOjMwMDAwMDAwMDAwMCwidXBkYXRlIjoxODAwMDAwMDAwMDAwfX0=",
          "dependencies": [
            "azurerm_resource_group.rg",
            "azurerm_virtual_network.vnet"
          ]
        }
      ]
    },
    {
      "mode": "managed",
      "type": "azurerm_virtual_network",
      "name": "vnet",
      "provider": "provider[\"registry.terraform.io/hashicorp/azurerm\"]",
      "instances": [
        {
          "schema_version": 0,
          "attributes": {
            "address_space": [
              "10.0.0.0/16"
            ],
            "bgp_community": "",
            "ddos_protection_plan": [],
            "dns_servers": [],
            "edge_zone": "",
            "encryption": [],
            "flow_timeout_in_minutes": 0,
            "guid": "1f24cf24-7d36-46e3-bb64-eed82bfb6a03",
            "id": "/subscriptions/e33683ea-80e9-4591-8bb0-6d477a3a7d03/resourceGroups/MyResourceGroup/providers/Microsoft.Network/virtualNetworks/Week2-Vnet",
            "location": "eastasia",
            "name": "Week2-Vnet",
            "resource_group_name": "MyResourceGroup",
            "subnet": [
              {
                "address_prefixes": [
                  "10.0.0.0/24"
                ],
                "default_outbound_access_enabled": true,
                "delegation": [],
                "id": "/subscriptions/e33683ea-80e9-4591-8bb0-6d477a3a7d03/resourceGroups/MyResourceGroup/providers/Microsoft.Network/virtualNetworks/Week2-Vnet/subnets/ApplicationGatewaySubnet",
                "name": "ApplicationGatewaySubnet",
                "private_endpoint_network_policies": "Disabled",
                "private_link_service_network_policies_enabled": true,
                "route_table_id": "",
                "security_group": "",
                "service_endpoint_policy_ids": [],
                "service_endpoints": []
              },
              {
                "address_prefixes": [
                  "10.0.1.0/24"
                ],
                "default_outbound_access_enabled": true,
                "delegation": [],
                "id": "/subscriptions/e33683ea-80e9-4591-8bb0-6d477a3a7d03/resourceGroups/MyResourceGroup/providers/Microsoft.Network/virtualNetworks/Week2-Vnet/subnets/AppSubnet",
                "name": "AppSubnet",
                "private_endpoint_network_policies": "Disabled",
                "private_link_service_network_policies_enabled": true,
                "route_table_id": "",
                "security_group": "/subscriptions/e33683ea-80e9-4591-8bb0-6d477a3a7d03/resourceGroups/MyResourceGroup/providers/Microsoft.Network/networkSecurityGroups/AppNSG",
                "service_endpoint_policy_ids": [],
                "service_endpoints": []
              },
              {
                "address_prefixes": [
                  "10.0.2.0/24"
                ],
                "default_outbound_access_enabled": true,
                "delegation": [],
                "id": "/subscriptions/e33683ea-80e9-4591-8bb0-6d477a3a7d03/resourceGroups/MyResourceGroup/providers/Microsoft.Network/virtualNetworks/Week2-Vnet/subnets/WebSubnet",
                "name": "WebSubnet",
                "private_endpoint_network_policies": "Disabled",
                "private_link_service_network_policies_enabled": true,
                "route_table_id": "",
                "security_group": "/subscriptions/e33683ea-80e9-4591-8bb0-6d477a3a7d03/resourceGroups/MyResourceGroup/providers/Microsoft.Network/networkSecurityGroups/WebNSG",
                "service_endpoint_policy_ids": [],
                "service_endpoints": []
              },
              {
                "address_prefixes": [
                  "10.0.3.0/24"
                ],
                "default_outbound_access_enabled": true,
                "delegation": [
                  {
                    "name": "fs",
                    "service_delegation": [
                      {
                        "actions": [
                          "Microsoft.Network/virtualNetworks/subnets/join/action"
                        ],
                        "name": "Microsoft.DBforMySQL/flexibleServers"
                      }
                    ]
                  }
                ],
                "id": "/subscriptions/e33683ea-80e9-4591-8bb0-6d477a3a7d03/resourceGroups/MyResourceGroup/providers/Microsoft.Network/virtualNetworks/Week2-Vnet/subnets/DBSubnet",
                "name": "DBSubnet",
                "private_endpoint_network_policies": "Disabled",
                "private_link_service_network_policies_enabled": true,
                "route_table_id": "",
                "security_group": "",
                "service_endpoint_policy_ids": [],
                "service_endpoints": [
                  "Microsoft.Storage"
                ]
              },
              {
                "address_prefixes": [
                  "10.0.4.0/24"
                ],
                "default_outbound_access_enabled": true,
                "delegation": [],
                "id": "/subscriptions/e33683ea-80e9-4591-8bb0-6d477a3a7d03/resourceGroups/MyResourceGroup/providers/Microsoft.Network/virtualNetworks/Week2-Vnet/subnets/JumpboxSubnet",
                "name": "JumpboxSubnet",
                "private_endpoint_network_policies": "Disabled",
                "private_link_service_network_policies_enabled": true,
                "route_table_id": "",
                "security_group": "/subscriptions/e33683ea-80e9-4591-8bb0-6d477a3a7d03/resourceGroups/MyResourceGroup/providers/Microsoft.Network/networkSecurityGroups/JumpBoxNSG",
                "service_endpoint_policy_ids": [],
                "service_endpoints": []
              }
            ],
            "tags": {},
            "timeouts": null
          },
          "sensitive_attributes": [],
          "private": "eyJlMmJmYjczMC1lY2FhLTExZTYtOGY4OC0zNDM2M2JjN2M0YzAiOnsiY3JlYXRlIjoxODAwMDAwMDAwMDAwLCJkZWxldGUiOjE4MDAwMDAwMDAwMDAsInJlYWQiOjMwMDAwMDAwMDAwMCwidXBkYXRlIjoxODAwMDAwMDAwMDAwfX0=",
          "dependencies": [
            "azurerm_resource_group.rg"
          ]
        }
      ]
    }
  ],
  "check_results": null
}
