{
  "version": 4,
  "terraform_version": "1.9.6",
  "serial": 199,
  "lineage": "8253686b-7150-9df9-2f6d-d99076ab909d",
  "outputs": {},
  "resources": [
    {
      "mode": "managed",
      "type": "azurerm_application_gateway",
      "name": "AppGateway",
      "provider": "provider[\"registry.terraform.io/hashicorp/azurerm\"]",
      "instances": [
        {
          "schema_version": 0,
          "attributes": {
            "authentication_certificate": [],
            "autoscale_configuration": [],
            "backend_address_pool": [
              {
                "fqdns": [],
                "id": "/subscriptions/e33683ea-80e9-4591-8bb0-6d477a3a7d03/resourceGroups/MyResourceGroup/providers/Microsoft.Network/applicationGateways/Internet-AG/backendAddressPools/Week2-Vnet-beap",
                "ip_addresses": [],
                "name": "Week2-Vnet-beap"
              }
            ],
            "backend_http_settings": [
              {
                "affinity_cookie_name": "",
                "authentication_certificate": [],
                "connection_draining": [],
                "cookie_based_affinity": "Disabled",
                "host_name": "",
                "id": "/subscriptions/e33683ea-80e9-4591-8bb0-6d477a3a7d03/resourceGroups/MyResourceGroup/providers/Microsoft.Network/applicationGateways/Internet-AG/backendHttpSettingsCollection/Week2-Vnet-be-htst",
                "name": "Week2-Vnet-be-htst",
                "path": "/path1/",
                "pick_host_name_from_backend_address": false,
                "port": 80,
                "probe_id": "",
                "probe_name": "",
                "protocol": "Http",
                "request_timeout": 100,
                "trusted_root_certificate_names": []
              }
            ],
            "custom_error_configuration": [],
            "enable_http2": false,
            "fips_enabled": false,
            "firewall_policy_id": "",
            "force_firewall_policy_association": false,
            "frontend_ip_configuration": [
              {
                "id": "/subscriptions/e33683ea-80e9-4591-8bb0-6d477a3a7d03/resourceGroups/MyResourceGroup/providers/Microsoft.Network/applicationGateways/Internet-AG/frontendIPConfigurations/Week2-Vnet-feip",
                "name": "Week2-Vnet-feip",
                "private_ip_address": "",
                "private_ip_address_allocation": "Dynamic",
                "private_link_configuration_id": "",
                "private_link_configuration_name": "",
                "public_ip_address_id": "/subscriptions/e33683ea-80e9-4591-8bb0-6d477a3a7d03/resourceGroups/MyResourceGroup/providers/Microsoft.Network/publicIPAddresses/AG-pip",
                "subnet_id": ""
              }
            ],
            "frontend_port": [
              {
                "id": "/subscriptions/e33683ea-80e9-4591-8bb0-6d477a3a7d03/resourceGroups/MyResourceGroup/providers/Microsoft.Network/applicationGateways/Internet-AG/frontendPorts/Week2-Vnet-feport",
                "name": "Week2-Vnet-feport",
                "port": 80
              }
            ],
            "gateway_ip_configuration": [
              {
                "id": "/subscriptions/e33683ea-80e9-4591-8bb0-6d477a3a7d03/resourceGroups/MyResourceGroup/providers/Microsoft.Network/applicationGateways/Internet-AG/gatewayIPConfigurations/my-gateway-ip-configuration",
                "name": "my-gateway-ip-configuration",
                "subnet_id": "/subscriptions/e33683ea-80e9-4591-8bb0-6d477a3a7d03/resourceGroups/MyResourceGroup/providers/Microsoft.Network/virtualNetworks/Week2-Vnet/subnets/ApplicationGatewaySubnet"
              }
            ],
            "global": [],
            "http_listener": [
              {
                "custom_error_configuration": [],
                "firewall_policy_id": "",
                "frontend_ip_configuration_id": "/subscriptions/e33683ea-80e9-4591-8bb0-6d477a3a7d03/resourceGroups/MyResourceGroup/providers/Microsoft.Network/applicationGateways/Internet-AG/frontendIPConfigurations/Week2-Vnet-feip",
                "frontend_ip_configuration_name": "Week2-Vnet-feip",
                "frontend_port_id": "/subscriptions/e33683ea-80e9-4591-8bb0-6d477a3a7d03/resourceGroups/MyResourceGroup/providers/Microsoft.Network/applicationGateways/Internet-AG/frontendPorts/Week2-Vnet-feport",
                "frontend_port_name": "Week2-Vnet-feport",
                "host_name": "",
                "host_names": [],
                "id": "/subscriptions/e33683ea-80e9-4591-8bb0-6d477a3a7d03/resourceGroups/MyResourceGroup/providers/Microsoft.Network/applicationGateways/Internet-AG/httpListeners/Week2-Vnet-httplstn",
                "name": "Week2-Vnet-httplstn",
                "protocol": "Http",
                "require_sni": false,
                "ssl_certificate_id": "",
                "ssl_certificate_name": "",
                "ssl_profile_id": "",
                "ssl_profile_name": ""
              }
            ],
            "id": "/subscriptions/e33683ea-80e9-4591-8bb0-6d477a3a7d03/resourceGroups/MyResourceGroup/providers/Microsoft.Network/applicationGateways/Internet-AG",
            "identity": [],
            "location": "eastasia",
            "name": "Internet-AG",
            "private_endpoint_connection": [],
            "private_link_configuration": [],
            "probe": [],
            "redirect_configuration": [],
            "request_routing_rule": [
              {
                "backend_address_pool_id": "/subscriptions/e33683ea-80e9-4591-8bb0-6d477a3a7d03/resourceGroups/MyResourceGroup/providers/Microsoft.Network/applicationGateways/Internet-AG/backendAddressPools/Week2-Vnet-beap",
                "backend_address_pool_name": "Week2-Vnet-beap",
                "backend_http_settings_id": "/subscriptions/e33683ea-80e9-4591-8bb0-6d477a3a7d03/resourceGroups/MyResourceGroup/providers/Microsoft.Network/applicationGateways/Internet-AG/backendHttpSettingsCollection/Week2-Vnet-be-htst",
                "backend_http_settings_name": "Week2-Vnet-be-htst",
                "http_listener_id": "/subscriptions/e33683ea-80e9-4591-8bb0-6d477a3a7d03/resourceGroups/MyResourceGroup/providers/Microsoft.Network/applicationGateways/Internet-AG/httpListeners/Week2-Vnet-httplstn",
                "http_listener_name": "Week2-Vnet-httplstn",
                "id": "/subscriptions/e33683ea-80e9-4591-8bb0-6d477a3a7d03/resourceGroups/MyResourceGroup/providers/Microsoft.Network/applicationGateways/Internet-AG/requestRoutingRules/Week2-Vnet-rqrt",
                "name": "Week2-Vnet-rqrt",
                "priority": 100,
                "redirect_configuration_id": "",
                "redirect_configuration_name": "",
                "rewrite_rule_set_id": "",
                "rewrite_rule_set_name": "",
                "rule_type": "Basic",
                "url_path_map_id": "",
                "url_path_map_name": ""
              }
            ],
            "resource_group_name": "MyResourceGroup",
            "rewrite_rule_set": [],
            "sku": [
              {
                "capacity": 2,
                "name": "Standard_v2",
                "tier": "Standard_v2"
              }
            ],
            "ssl_certificate": [],
            "ssl_policy": [
              {
                "cipher_suites": [],
                "disabled_protocols": [],
                "min_protocol_version": "",
                "policy_name": "AppGwSslPolicy20220101",
                "policy_type": "Predefined"
              }
            ],
            "ssl_profile": [],
            "tags": {},
            "timeouts": null,
            "trusted_client_certificate": [],
            "trusted_root_certificate": [],
            "url_path_map": [],
            "waf_configuration": [],
            "zones": []
          },
          "sensitive_attributes": [],
          "private": "eyJlMmJmYjczMC1lY2FhLTExZTYtOGY4OC0zNDM2M2JjN2M0YzAiOnsiY3JlYXRlIjo1NDAwMDAwMDAwMDAwLCJkZWxldGUiOjU0MDAwMDAwMDAwMDAsInJlYWQiOjMwMDAwMDAwMDAwMCwidXBkYXRlIjo1NDAwMDAwMDAwMDAwfX0=",
          "dependencies": [
            "azurerm_public_ip.AG-pip",
            "azurerm_resource_group.rg",
            "azurerm_subnet.Vnet-AGSubnet",
            "azurerm_virtual_network.vnet"
          ]
        }
      ]
    },
    {
      "mode": "managed",
      "type": "azurerm_lb",
      "name": "Internal-LB",
      "provider": "provider[\"registry.terraform.io/hashicorp/azurerm\"]",
      "instances": [
        {
          "schema_version": 0,
          "attributes": {
            "edge_zone": "",
            "frontend_ip_configuration": [
              {
                "gateway_load_balancer_frontend_ip_configuration_id": "",
                "id": "/subscriptions/e33683ea-80e9-4591-8bb0-6d477a3a7d03/resourceGroups/MyResourceGroup/providers/Microsoft.Network/loadBalancers/InternalLB/frontendIPConfigurations/Internal-Ip",
                "inbound_nat_rules": [],
                "load_balancer_rules": [
                  "/subscriptions/e33683ea-80e9-4591-8bb0-6d477a3a7d03/resourceGroups/MyResourceGroup/providers/Microsoft.Network/loadBalancers/InternalLB/loadBalancingRules/Http-to-Application"
                ],
                "name": "Internal-Ip",
                "outbound_rules": [],
                "private_ip_address": "10.0.2.5",
                "private_ip_address_allocation": "Dynamic",
                "private_ip_address_version": "IPv4",
                "public_ip_address_id": "",
                "public_ip_prefix_id": "",
                "subnet_id": "/subscriptions/e33683ea-80e9-4591-8bb0-6d477a3a7d03/resourceGroups/MyResourceGroup/providers/Microsoft.Network/virtualNetworks/Week2-Vnet/subnets/WebSubnet",
                "zones": []
              }
            ],
            "id": "/subscriptions/e33683ea-80e9-4591-8bb0-6d477a3a7d03/resourceGroups/MyResourceGroup/providers/Microsoft.Network/loadBalancers/InternalLB",
            "location": "eastasia",
            "name": "InternalLB",
            "private_ip_address": "10.0.2.5",
            "private_ip_addresses": [
              "10.0.2.5"
            ],
            "resource_group_name": "MyResourceGroup",
            "sku": "Standard",
            "sku_tier": "Regional",
            "tags": {},
            "timeouts": null
          },
          "sensitive_attributes": [],
          "private": "eyJlMmJmYjczMC1lY2FhLTExZTYtOGY4OC0zNDM2M2JjN2M0YzAiOnsiY3JlYXRlIjoxODAwMDAwMDAwMDAwLCJkZWxldGUiOjE4MDAwMDAwMDAwMDAsInJlYWQiOjMwMDAwMDAwMDAwMCwidXBkYXRlIjoxODAwMDAwMDAwMDAwfX0=",
          "dependencies": [
            "azurerm_linux_virtual_machine.AppVM",
            "azurerm_network_interface.AppVMNic",
            "azurerm_resource_group.rg",
            "azurerm_subnet.Vnet-AppSubnet",
            "azurerm_subnet.Vnet-WebSubnet",
            "azurerm_virtual_network.vnet"
          ]
        }
      ]
    },
    {
      "mode": "managed",
      "type": "azurerm_lb_backend_address_pool",
      "name": "internal-backend",
      "provider": "provider[\"registry.terraform.io/hashicorp/azurerm\"]",
      "instances": [
        {
          "schema_version": 0,
          "attributes": {
            "backend_ip_configurations": [
              "/subscriptions/e33683ea-80e9-4591-8bb0-6d477a3a7d03/resourceGroups/MyResourceGroup/providers/Microsoft.Network/networkInterfaces/AppVMNic/ipConfigurations/internal"
            ],
            "id": "/subscriptions/e33683ea-80e9-4591-8bb0-6d477a3a7d03/resourceGroups/MyResourceGroup/providers/Microsoft.Network/loadBalancers/InternalLB/backendAddressPools/Internal-Backend",
            "inbound_nat_rules": [],
            "load_balancing_rules": [],
            "loadbalancer_id": "/subscriptions/e33683ea-80e9-4591-8bb0-6d477a3a7d03/resourceGroups/MyResourceGroup/providers/Microsoft.Network/loadBalancers/InternalLB",
            "name": "Internal-Backend",
            "outbound_rules": [],
            "synchronous_mode": "",
            "timeouts": null,
            "tunnel_interface": [],
            "virtual_network_id": ""
          },
          "sensitive_attributes": [],
          "private": "eyJlMmJmYjczMC1lY2FhLTExZTYtOGY4OC0zNDM2M2JjN2M0YzAiOnsiY3JlYXRlIjoxODAwMDAwMDAwMDAwLCJkZWxldGUiOjE4MDAwMDAwMDAwMDAsInJlYWQiOjMwMDAwMDAwMDAwMCwidXBkYXRlIjoxODAwMDAwMDAwMDAwfX0=",
          "dependencies": [
            "azurerm_lb.Internal-LB",
            "azurerm_linux_virtual_machine.AppVM",
            "azurerm_network_interface.AppVMNic",
            "azurerm_resource_group.rg",
            "azurerm_subnet.Vnet-AppSubnet",
            "azurerm_subnet.Vnet-WebSubnet",
            "azurerm_virtual_network.vnet"
          ]
        }
      ]
    },
    {
      "mode": "managed",
      "type": "azurerm_lb_probe",
      "name": "example",
      "provider": "provider[\"registry.terraform.io/hashicorp/azurerm\"]",
      "instances": [
        {
          "schema_version": 0,
          "attributes": {
            "id": "/subscriptions/e33683ea-80e9-4591-8bb0-6d477a3a7d03/resourceGroups/MyResourceGroup/providers/Microsoft.Network/loadBalancers/InternalLB/probes/http-probe",
            "interval_in_seconds": 5,
            "load_balancer_rules": [],
            "loadbalancer_id": "/subscriptions/e33683ea-80e9-4591-8bb0-6d477a3a7d03/resourceGroups/MyResourceGroup/providers/Microsoft.Network/loadBalancers/InternalLB",
            "name": "http-probe",
            "number_of_probes": 2,
            "port": 80,
            "probe_threshold": 1,
            "protocol": "Http",
            "request_path": "/health",
            "timeouts": null
          },
          "sensitive_attributes": [],
          "private": "eyJlMmJmYjczMC1lY2FhLTExZTYtOGY4OC0zNDM2M2JjN2M0YzAiOnsiY3JlYXRlIjoxODAwMDAwMDAwMDAwLCJkZWxldGUiOjE4MDAwMDAwMDAwMDAsInJlYWQiOjMwMDAwMDAwMDAwMCwidXBkYXRlIjoxODAwMDAwMDAwMDAwfX0=",
          "dependencies": [
            "azurerm_lb.Internal-LB",
            "azurerm_linux_virtual_machine.AppVM",
            "azurerm_network_interface.AppVMNic",
            "azurerm_resource_group.rg",
            "azurerm_subnet.Vnet-AppSubnet",
            "azurerm_subnet.Vnet-WebSubnet",
            "azurerm_virtual_network.vnet"
          ]
        }
      ]
    },
    {
      "mode": "managed",
      "type": "azurerm_lb_rule",
      "name": "LB-rule",
      "provider": "provider[\"registry.terraform.io/hashicorp/azurerm\"]",
      "instances": [
        {
          "schema_version": 0,
          "attributes": {
            "backend_address_pool_ids": [],
            "backend_port": 4000,
            "disable_outbound_snat": false,
            "enable_floating_ip": false,
            "enable_tcp_reset": false,
            "frontend_ip_configuration_id": "/subscriptions/e33683ea-80e9-4591-8bb0-6d477a3a7d03/resourceGroups/MyResourceGroup/providers/Microsoft.Network/loadBalancers/InternalLB/frontendIPConfigurations/Internal-Ip",
            "frontend_ip_configuration_name": "Internal-Ip",
            "frontend_port": 80,
            "id": "/subscriptions/e33683ea-80e9-4591-8bb0-6d477a3a7d03/resourceGroups/MyResourceGroup/providers/Microsoft.Network/loadBalancers/InternalLB/loadBalancingRules/Http-to-Application",
            "idle_timeout_in_minutes": 4,
            "load_distribution": "Default",
            "loadbalancer_id": "/subscriptions/e33683ea-80e9-4591-8bb0-6d477a3a7d03/resourceGroups/MyResourceGroup/providers/Microsoft.Network/loadBalancers/InternalLB",
            "name": "Http-to-Application",
            "probe_id": "",
            "protocol": "Tcp",
            "timeouts": null
          },
          "sensitive_attributes": [],
          "private": "eyJlMmJmYjczMC1lY2FhLTExZTYtOGY4OC0zNDM2M2JjN2M0YzAiOnsiY3JlYXRlIjoxODAwMDAwMDAwMDAwLCJkZWxldGUiOjE4MDAwMDAwMDAwMDAsInJlYWQiOjMwMDAwMDAwMDAwMCwidXBkYXRlIjoxODAwMDAwMDAwMDAwfX0=",
          "dependencies": [
            "azurerm_lb.Internal-LB",
            "azurerm_linux_virtual_machine.AppVM",
            "azurerm_network_interface.AppVMNic",
            "azurerm_resource_group.rg",
            "azurerm_subnet.Vnet-AppSubnet",
            "azurerm_subnet.Vnet-WebSubnet",
            "azurerm_virtual_network.vnet"
          ]
        }
      ]
    },
    {
      "mode": "managed",
      "type": "azurerm_linux_virtual_machine",
      "name": "AppVM",
      "provider": "provider[\"registry.terraform.io/hashicorp/azurerm\"]",
      "instances": [
        {
          "schema_version": 0,
          "attributes": {
            "additional_capabilities": [],
            "admin_password": "Mypassword123",
            "admin_ssh_key": [],
            "admin_username": "azureuser",
            "allow_extension_operations": true,
            "availability_set_id": "",
            "boot_diagnostics": [],
            "bypass_platform_safety_checks_on_user_schedule_enabled": false,
            "capacity_reservation_group_id": "",
            "computer_name": "AppVM",
            "custom_data": null,
            "dedicated_host_group_id": "",
            "dedicated_host_id": "",
            "disable_password_authentication": false,
            "disk_controller_type": "SCSI",
            "edge_zone": "",
            "encryption_at_host_enabled": false,
            "eviction_policy": "",
            "extensions_time_budget": "PT1H30M",
            "gallery_application": [],
            "id": "/subscriptions/e33683ea-80e9-4591-8bb0-6d477a3a7d03/resourceGroups/MyResourceGroup/providers/Microsoft.Compute/virtualMachines/AppVM",
            "identity": [],
            "license_type": "",
            "location": "eastasia",
            "max_bid_price": -1,
            "name": "AppVM",
            "network_interface_ids": [
              "/subscriptions/e33683ea-80e9-4591-8bb0-6d477a3a7d03/resourceGroups/MyResourceGroup/providers/Microsoft.Network/networkInterfaces/AppVMNic"
            ],
            "os_disk": [
              {
                "caching": "ReadWrite",
                "diff_disk_settings": [],
                "disk_encryption_set_id": "",
                "disk_size_gb": 30,
                "name": "AppVM_OsDisk_1_5023de3df5a949188089e150b2644edf",
                "secure_vm_disk_encryption_set_id": "",
                "security_encryption_type": "",
                "storage_account_type": "Standard_LRS",
                "write_accelerator_enabled": false
              }
            ],
            "os_image_notification": [],
            "patch_assessment_mode": "ImageDefault",
            "patch_mode": "ImageDefault",
            "plan": [],
            "platform_fault_domain": -1,
            "priority": "Regular",
            "private_ip_address": "10.0.1.4",
            "private_ip_addresses": [
              "10.0.1.4"
            ],
            "provision_vm_agent": true,
            "proximity_placement_group_id": "",
            "public_ip_address": "",
            "public_ip_addresses": [],
            "reboot_setting": "",
            "resource_group_name": "MyResourceGroup",
            "secret": [],
            "secure_boot_enabled": false,
            "size": "Standard_B1s",
            "source_image_id": "",
            "source_image_reference": [
              {
                "offer": "0001-com-ubuntu-server-jammy",
                "publisher": "Canonical",
                "sku": "22_04-lts-gen2",
                "version": "latest"
              }
            ],
            "tags": null,
            "termination_notification": null,
            "timeouts": null,
            "user_data": "",
            "virtual_machine_id": "9c34ac7c-e90f-4b54-bd4c-a4d4178227d3",
            "virtual_machine_scale_set_id": "",
            "vm_agent_platform_updates_enabled": false,
            "vtpm_enabled": false,
            "zone": ""
          },
          "sensitive_attributes": [
            [
              {
                "type": "get_attr",
                "value": "custom_data"
              }
            ],
            [
              {
                "type": "get_attr",
                "value": "admin_password"
              }
            ]
          ],
          "private": "eyJlMmJmYjczMC1lY2FhLTExZTYtOGY4OC0zNDM2M2JjN2M0YzAiOnsiY3JlYXRlIjoyNzAwMDAwMDAwMDAwLCJkZWxldGUiOjI3MDAwMDAwMDAwMDAsInJlYWQiOjMwMDAwMDAwMDAwMCwidXBkYXRlIjoyNzAwMDAwMDAwMDAwfX0=",
          "dependencies": [
            "azurerm_network_interface.AppVMNic",
            "azurerm_resource_group.rg",
            "azurerm_subnet.Vnet-AppSubnet",
            "azurerm_virtual_network.vnet"
          ]
        }
      ]
    },
    {
      "mode": "managed",
      "type": "azurerm_linux_virtual_machine",
      "name": "JumpboxVM",
      "provider": "provider[\"registry.terraform.io/hashicorp/azurerm\"]",
      "instances": [
        {
          "schema_version": 0,
          "attributes": {
            "additional_capabilities": [],
            "admin_password": "Mypassword123",
            "admin_ssh_key": [],
            "admin_username": "azureuser",
            "allow_extension_operations": true,
            "availability_set_id": "",
            "boot_diagnostics": [],
            "bypass_platform_safety_checks_on_user_schedule_enabled": false,
            "capacity_reservation_group_id": "",
            "computer_name": "JumpBoxVM",
            "custom_data": null,
            "dedicated_host_group_id": "",
            "dedicated_host_id": "",
            "disable_password_authentication": false,
            "disk_controller_type": "SCSI",
            "edge_zone": "",
            "encryption_at_host_enabled": false,
            "eviction_policy": "",
            "extensions_time_budget": "PT1H30M",
            "gallery_application": [],
            "id": "/subscriptions/e33683ea-80e9-4591-8bb0-6d477a3a7d03/resourceGroups/MyResourceGroup/providers/Microsoft.Compute/virtualMachines/JumpBoxVM",
            "identity": [],
            "license_type": "",
            "location": "eastasia",
            "max_bid_price": -1,
            "name": "JumpBoxVM",
            "network_interface_ids": [
              "/subscriptions/e33683ea-80e9-4591-8bb0-6d477a3a7d03/resourceGroups/MyResourceGroup/providers/Microsoft.Network/networkInterfaces/Jumpbox-Nic"
            ],
            "os_disk": [
              {
                "caching": "ReadWrite",
                "diff_disk_settings": [],
                "disk_encryption_set_id": "",
                "disk_size_gb": 30,
                "name": "JumpBoxVM_OsDisk_1_55b479621087449ebae4a3fd3b51fc36",
                "secure_vm_disk_encryption_set_id": "",
                "security_encryption_type": "",
                "storage_account_type": "Standard_LRS",
                "write_accelerator_enabled": false
              }
            ],
            "os_image_notification": [],
            "patch_assessment_mode": "ImageDefault",
            "patch_mode": "ImageDefault",
            "plan": [],
            "platform_fault_domain": -1,
            "priority": "Regular",
            "private_ip_address": "10.0.4.4",
            "private_ip_addresses": [
              "10.0.4.4"
            ],
            "provision_vm_agent": true,
            "proximity_placement_group_id": "",
            "public_ip_address": "20.2.21.52",
            "public_ip_addresses": [
              "20.2.21.52"
            ],
            "reboot_setting": "",
            "resource_group_name": "MyResourceGroup",
            "secret": [],
            "secure_boot_enabled": false,
            "size": "Standard_B1s",
            "source_image_id": "",
            "source_image_reference": [
              {
                "offer": "0001-com-ubuntu-server-jammy",
                "publisher": "Canonical",
                "sku": "22_04-lts-gen2",
                "version": "latest"
              }
            ],
            "tags": {},
            "termination_notification": [],
            "timeouts": null,
            "user_data": "",
            "virtual_machine_id": "bfe12b83-5177-4cb8-9820-3f0de22bd053",
            "virtual_machine_scale_set_id": "",
            "vm_agent_platform_updates_enabled": false,
            "vtpm_enabled": false,
            "zone": ""
          },
          "sensitive_attributes": [
            [
              {
                "type": "get_attr",
                "value": "admin_password"
              }
            ],
            [
              {
                "type": "get_attr",
                "value": "custom_data"
              }
            ]
          ],
          "private": "eyJlMmJmYjczMC1lY2FhLTExZTYtOGY4OC0zNDM2M2JjN2M0YzAiOnsiY3JlYXRlIjoyNzAwMDAwMDAwMDAwLCJkZWxldGUiOjI3MDAwMDAwMDAwMDAsInJlYWQiOjMwMDAwMDAwMDAwMCwidXBkYXRlIjoyNzAwMDAwMDAwMDAwfX0=",
          "dependencies": [
            "azurerm_network_interface.Jumpbox-Nic",
            "azurerm_public_ip.Jumpbox-pip",
            "azurerm_resource_group.rg",
            "azurerm_subnet.Vnet-JumpboxSubnet",
            "azurerm_virtual_network.vnet"
          ]
        }
      ]
    },
    {
      "mode": "managed",
      "type": "azurerm_linux_virtual_machine",
      "name": "WebVM",
      "provider": "provider[\"registry.terraform.io/hashicorp/azurerm\"]",
      "instances": [
        {
          "schema_version": 0,
          "attributes": {
            "additional_capabilities": [],
            "admin_password": "Mypassword123",
            "admin_ssh_key": [],
            "admin_username": "azureuser",
            "allow_extension_operations": true,
            "availability_set_id": "",
            "boot_diagnostics": [],
            "bypass_platform_safety_checks_on_user_schedule_enabled": false,
            "capacity_reservation_group_id": "",
            "computer_name": "WebVM",
            "custom_data": null,
            "dedicated_host_group_id": "",
            "dedicated_host_id": "",
            "disable_password_authentication": false,
            "disk_controller_type": "SCSI",
            "edge_zone": "",
            "encryption_at_host_enabled": false,
            "eviction_policy": "",
            "extensions_time_budget": "PT1H30M",
            "gallery_application": [],
            "id": "/subscriptions/e33683ea-80e9-4591-8bb0-6d477a3a7d03/resourceGroups/MyResourceGroup/providers/Microsoft.Compute/virtualMachines/WebVM",
            "identity": [],
            "license_type": "",
            "location": "eastasia",
            "max_bid_price": -1,
            "name": "WebVM",
            "network_interface_ids": [
              "/subscriptions/e33683ea-80e9-4591-8bb0-6d477a3a7d03/resourceGroups/MyResourceGroup/providers/Microsoft.Network/networkInterfaces/WebVMNic"
            ],
            "os_disk": [
              {
                "caching": "ReadWrite",
                "diff_disk_settings": [],
                "disk_encryption_set_id": "",
                "disk_size_gb": 30,
                "name": "WebVM_OsDisk_1_d5f6f33ac359418bb113c5ee682e97a1",
                "secure_vm_disk_encryption_set_id": "",
                "security_encryption_type": "",
                "storage_account_type": "Standard_LRS",
                "write_accelerator_enabled": false
              }
            ],
            "os_image_notification": [],
            "patch_assessment_mode": "ImageDefault",
            "patch_mode": "ImageDefault",
            "plan": [],
            "platform_fault_domain": -1,
            "priority": "Regular",
            "private_ip_address": "10.0.2.4",
            "private_ip_addresses": [
              "10.0.2.4"
            ],
            "provision_vm_agent": true,
            "proximity_placement_group_id": "",
            "public_ip_address": "",
            "public_ip_addresses": [],
            "reboot_setting": "",
            "resource_group_name": "MyResourceGroup",
            "secret": [],
            "secure_boot_enabled": false,
            "size": "Standard_B1s",
            "source_image_id": "",
            "source_image_reference": [
              {
                "offer": "0001-com-ubuntu-server-jammy",
                "publisher": "Canonical",
                "sku": "22_04-lts-gen2",
                "version": "latest"
              }
            ],
            "tags": null,
            "termination_notification": null,
            "timeouts": null,
            "user_data": "",
            "virtual_machine_id": "9e597add-8a73-4042-abfd-0ef80474ed08",
            "virtual_machine_scale_set_id": "",
            "vm_agent_platform_updates_enabled": false,
            "vtpm_enabled": false,
            "zone": ""
          },
          "sensitive_attributes": [
            [
              {
                "type": "get_attr",
                "value": "custom_data"
              }
            ],
            [
              {
                "type": "get_attr",
                "value": "admin_password"
              }
            ]
          ],
          "private": "eyJlMmJmYjczMC1lY2FhLTExZTYtOGY4OC0zNDM2M2JjN2M0YzAiOnsiY3JlYXRlIjoyNzAwMDAwMDAwMDAwLCJkZWxldGUiOjI3MDAwMDAwMDAwMDAsInJlYWQiOjMwMDAwMDAwMDAwMCwidXBkYXRlIjoyNzAwMDAwMDAwMDAwfX0=",
          "dependencies": [
            "azurerm_network_interface.WebVMNic",
            "azurerm_resource_group.rg",
            "azurerm_subnet.Vnet-WebSubnet",
            "azurerm_virtual_network.vnet"
          ]
        }
      ]
    },
    {
      "mode": "managed",
      "type": "azurerm_mysql_flexible_server",
      "name": "f-mysql-server",
      "provider": "provider[\"registry.terraform.io/hashicorp/azurerm\"]",
      "instances": [
        {
          "schema_version": 0,
          "attributes": {
            "administrator_login": "myadmin",
            "administrator_password": "Mypassword123",
            "backup_retention_days": 7,
            "create_mode": null,
            "customer_managed_key": [],
            "delegated_subnet_id": "/subscriptions/e33683ea-80e9-4591-8bb0-6d477a3a7d03/resourceGroups/MyResourceGroup/providers/Microsoft.Network/virtualNetworks/Week2-Vnet/subnets/DBSubnet",
            "fqdn": "mysql-serverdemo.mysql.database.azure.com",
            "geo_redundant_backup_enabled": false,
            "high_availability": [],
            "id": "/subscriptions/e33683ea-80e9-4591-8bb0-6d477a3a7d03/resourceGroups/MyResourceGroup/providers/Microsoft.DBforMySQL/flexibleServers/mysql-serverdemo",
            "identity": [],
            "location": "eastasia",
            "maintenance_window": [],
            "name": "mysql-serverdemo",
            "point_in_time_restore_time_in_utc": null,
            "private_dns_zone_id": "/subscriptions/e33683ea-80e9-4591-8bb0-6d477a3a7d03/resourceGroups/MyResourceGroup/providers/Microsoft.Network/privateDnsZones/mysql-serverdemo.private.mysql.database.azure.com",
            "public_network_access_enabled": false,
            "replica_capacity": 10,
            "replication_role": "None",
            "resource_group_name": "MyResourceGroup",
            "sku_name": "B_Standard_B1ms",
            "source_server_id": "",
            "storage": [
              {
                "auto_grow_enabled": true,
                "io_scaling_enabled": false,
                "iops": 360,
                "size_gb": 20
              }
            ],
            "tags": {},
            "timeouts": null,
            "version": "5.7",
            "zone": ""
          },
          "sensitive_attributes": [
            [
              {
                "type": "get_attr",
                "value": "administrator_password"
              }
            ]
          ],
          "private": "eyJlMmJmYjczMC1lY2FhLTExZTYtOGY4OC0zNDM2M2JjN2M0YzAiOnsiY3JlYXRlIjozNjAwMDAwMDAwMDAwLCJkZWxldGUiOjM2MDAwMDAwMDAwMDAsInJlYWQiOjMwMDAwMDAwMDAwMCwidXBkYXRlIjozNjAwMDAwMDAwMDAwfX0=",
          "dependencies": [
            "azurerm_private_dns_zone.pdns",
            "azurerm_private_dns_zone_virtual_network_link.pdns-link",
            "azurerm_resource_group.rg",
            "azurerm_subnet.Vnet-DBSubnet",
            "azurerm_virtual_network.vnet"
          ]
        }
      ]
    },
    {
      "mode": "managed",
      "type": "azurerm_network_interface",
      "name": "AppVMNic",
      "provider": "provider[\"registry.terraform.io/hashicorp/azurerm\"]",
      "instances": [
        {
          "schema_version": 0,
          "attributes": {
            "accelerated_networking_enabled": false,
            "applied_dns_servers": [],
            "auxiliary_mode": "",
            "auxiliary_sku": "",
            "dns_servers": [],
            "edge_zone": "",
            "id": "/subscriptions/e33683ea-80e9-4591-8bb0-6d477a3a7d03/resourceGroups/MyResourceGroup/providers/Microsoft.Network/networkInterfaces/AppVMNic",
            "internal_dns_name_label": "",
            "internal_domain_name_suffix": "",
            "ip_configuration": [
              {
                "gateway_load_balancer_frontend_ip_configuration_id": "",
                "name": "internal",
                "primary": true,
                "private_ip_address": "10.0.1.4",
                "private_ip_address_allocation": "Dynamic",
                "private_ip_address_version": "IPv4",
                "public_ip_address_id": "",
                "subnet_id": "/subscriptions/e33683ea-80e9-4591-8bb0-6d477a3a7d03/resourceGroups/MyResourceGroup/providers/Microsoft.Network/virtualNetworks/Week2-Vnet/subnets/AppSubnet"
              }
            ],
            "ip_forwarding_enabled": false,
            "location": "eastasia",
            "mac_address": "00-22-48-17-C1-7D",
            "name": "AppVMNic",
            "private_ip_address": "10.0.1.4",
            "private_ip_addresses": [
              "10.0.1.4"
            ],
            "resource_group_name": "MyResourceGroup",
            "tags": {},
            "timeouts": null,
            "virtual_machine_id": "/subscriptions/e33683ea-80e9-4591-8bb0-6d477a3a7d03/resourceGroups/MyResourceGroup/providers/Microsoft.Compute/virtualMachines/AppVM"
          },
          "sensitive_attributes": [],
          "private": "eyJlMmJmYjczMC1lY2FhLTExZTYtOGY4OC0zNDM2M2JjN2M0YzAiOnsiY3JlYXRlIjoxODAwMDAwMDAwMDAwLCJkZWxldGUiOjE4MDAwMDAwMDAwMDAsInJlYWQiOjMwMDAwMDAwMDAwMCwidXBkYXRlIjoxODAwMDAwMDAwMDAwfX0=",
          "dependencies": [
            "azurerm_resource_group.rg",
            "azurerm_subnet.Vnet-AppSubnet",
            "azurerm_virtual_network.vnet"
          ]
        }
      ]
    },
    {
      "mode": "managed",
      "type": "azurerm_network_interface",
      "name": "Jumpbox-Nic",
      "provider": "provider[\"registry.terraform.io/hashicorp/azurerm\"]",
      "instances": [
        {
          "schema_version": 0,
          "attributes": {
            "accelerated_networking_enabled": false,
            "applied_dns_servers": [],
            "auxiliary_mode": "",
            "auxiliary_sku": "",
            "dns_servers": [],
            "edge_zone": "",
            "id": "/subscriptions/e33683ea-80e9-4591-8bb0-6d477a3a7d03/resourceGroups/MyResourceGroup/providers/Microsoft.Network/networkInterfaces/Jumpbox-Nic",
            "internal_dns_name_label": "",
            "internal_domain_name_suffix": "",
            "ip_configuration": [
              {
                "gateway_load_balancer_frontend_ip_configuration_id": "",
                "name": "default",
                "primary": true,
                "private_ip_address": "10.0.4.4",
                "private_ip_address_allocation": "Dynamic",
                "private_ip_address_version": "IPv4",
                "public_ip_address_id": "/subscriptions/e33683ea-80e9-4591-8bb0-6d477a3a7d03/resourceGroups/MyResourceGroup/providers/Microsoft.Network/publicIPAddresses/Jumpbox-pip",
                "subnet_id": "/subscriptions/e33683ea-80e9-4591-8bb0-6d477a3a7d03/resourceGroups/MyResourceGroup/providers/Microsoft.Network/virtualNetworks/Week2-Vnet/subnets/JumpboxSubnet"
              }
            ],
            "ip_forwarding_enabled": false,
            "location": "eastasia",
            "mac_address": "60-45-BD-59-C3-68",
            "name": "Jumpbox-Nic",
            "private_ip_address": "10.0.4.4",
            "private_ip_addresses": [
              "10.0.4.4"
            ],
            "resource_group_name": "MyResourceGroup",
            "tags": {},
            "timeouts": null,
            "virtual_machine_id": "/subscriptions/e33683ea-80e9-4591-8bb0-6d477a3a7d03/resourceGroups/MyResourceGroup/providers/Microsoft.Compute/virtualMachines/JumpBoxVM"
          },
          "sensitive_attributes": [],
          "private": "eyJlMmJmYjczMC1lY2FhLTExZTYtOGY4OC0zNDM2M2JjN2M0YzAiOnsiY3JlYXRlIjoxODAwMDAwMDAwMDAwLCJkZWxldGUiOjE4MDAwMDAwMDAwMDAsInJlYWQiOjMwMDAwMDAwMDAwMCwidXBkYXRlIjoxODAwMDAwMDAwMDAwfX0=",
          "dependencies": [
            "azurerm_public_ip.Jumpbox-pip",
            "azurerm_resource_group.rg",
            "azurerm_subnet.Vnet-JumpboxSubnet",
            "azurerm_virtual_network.vnet"
          ]
        }
      ]
    },
    {
      "mode": "managed",
      "type": "azurerm_network_interface",
      "name": "WebVMNic",
      "provider": "provider[\"registry.terraform.io/hashicorp/azurerm\"]",
      "instances": [
        {
          "schema_version": 0,
          "attributes": {
            "accelerated_networking_enabled": false,
            "applied_dns_servers": [],
            "auxiliary_mode": "",
            "auxiliary_sku": "",
            "dns_servers": [],
            "edge_zone": "",
            "id": "/subscriptions/e33683ea-80e9-4591-8bb0-6d477a3a7d03/resourceGroups/MyResourceGroup/providers/Microsoft.Network/networkInterfaces/WebVMNic",
            "internal_dns_name_label": "",
            "internal_domain_name_suffix": "",
            "ip_configuration": [
              {
                "gateway_load_balancer_frontend_ip_configuration_id": "",
                "name": "internal",
                "primary": true,
                "private_ip_address": "10.0.2.4",
                "private_ip_address_allocation": "Dynamic",
                "private_ip_address_version": "IPv4",
                "public_ip_address_id": "",
                "subnet_id": "/subscriptions/e33683ea-80e9-4591-8bb0-6d477a3a7d03/resourceGroups/MyResourceGroup/providers/Microsoft.Network/virtualNetworks/Week2-Vnet/subnets/WebSubnet"
              }
            ],
            "ip_forwarding_enabled": false,
            "location": "eastasia",
            "mac_address": "00-22-48-EC-94-7F",
            "name": "WebVMNic",
            "private_ip_address": "10.0.2.4",
            "private_ip_addresses": [
              "10.0.2.4"
            ],
            "resource_group_name": "MyResourceGroup",
            "tags": {},
            "timeouts": null,
            "virtual_machine_id": "/subscriptions/e33683ea-80e9-4591-8bb0-6d477a3a7d03/resourceGroups/MyResourceGroup/providers/Microsoft.Compute/virtualMachines/WebVM"
          },
          "sensitive_attributes": [],
          "private": "eyJlMmJmYjczMC1lY2FhLTExZTYtOGY4OC0zNDM2M2JjN2M0YzAiOnsiY3JlYXRlIjoxODAwMDAwMDAwMDAwLCJkZWxldGUiOjE4MDAwMDAwMDAwMDAsInJlYWQiOjMwMDAwMDAwMDAwMCwidXBkYXRlIjoxODAwMDAwMDAwMDAwfX0=",
          "dependencies": [
            "azurerm_resource_group.rg",
            "azurerm_subnet.Vnet-WebSubnet",
            "azurerm_virtual_network.vnet"
          ]
        }
      ]
    },
    {
      "mode": "managed",
      "type": "azurerm_network_interface_backend_address_pool_association",
      "name": "example",
      "provider": "provider[\"registry.terraform.io/hashicorp/azurerm\"]",
      "instances": [
        {
          "schema_version": 0,
          "attributes": {
            "backend_address_pool_id": "/subscriptions/e33683ea-80e9-4591-8bb0-6d477a3a7d03/resourceGroups/MyResourceGroup/providers/Microsoft.Network/loadBalancers/InternalLB/backendAddressPools/Internal-Backend",
            "id": "/subscriptions/e33683ea-80e9-4591-8bb0-6d477a3a7d03/resourceGroups/MyResourceGroup/providers/Microsoft.Network/networkInterfaces/AppVMNic/ipConfigurations/internal|/subscriptions/e33683ea-80e9-4591-8bb0-6d477a3a7d03/resourceGroups/MyResourceGroup/providers/Microsoft.Network/loadBalancers/InternalLB/backendAddressPools/Internal-Backend",
            "ip_configuration_name": "internal",
            "network_interface_id": "/subscriptions/e33683ea-80e9-4591-8bb0-6d477a3a7d03/resourceGroups/MyResourceGroup/providers/Microsoft.Network/networkInterfaces/AppVMNic",
            "timeouts": null
          },
          "sensitive_attributes": [],
          "private": "eyJlMmJmYjczMC1lY2FhLTExZTYtOGY4OC0zNDM2M2JjN2M0YzAiOnsiY3JlYXRlIjoxODAwMDAwMDAwMDAwLCJkZWxldGUiOjE4MDAwMDAwMDAwMDAsInJlYWQiOjMwMDAwMDAwMDAwMH19",
          "dependencies": [
            "azurerm_lb.Internal-LB",
            "azurerm_lb_backend_address_pool.internal-backend",
            "azurerm_linux_virtual_machine.AppVM",
            "azurerm_network_interface.AppVMNic",
            "azurerm_resource_group.rg",
            "azurerm_subnet.Vnet-AppSubnet",
            "azurerm_subnet.Vnet-WebSubnet",
            "azurerm_virtual_network.vnet"
          ]
        }
      ]
    },
    {
      "mode": "managed",
      "type": "azurerm_network_security_group",
      "name": "AppNSG",
      "provider": "provider[\"registry.terraform.io/hashicorp/azurerm\"]",
      "instances": [
        {
          "schema_version": 0,
          "attributes": {
            "id": "/subscriptions/e33683ea-80e9-4591-8bb0-6d477a3a7d03/resourceGroups/MyResourceGroup/providers/Microsoft.Network/networkSecurityGroups/AppNSG",
            "location": "eastasia",
            "name": "AppNSG",
            "resource_group_name": "MyResourceGroup",
            "security_rule": [
              {
                "access": "Allow",
                "description": "",
                "destination_address_prefix": "*",
                "destination_address_prefixes": [],
                "destination_application_security_group_ids": [],
                "destination_port_range": "22",
                "destination_port_ranges": [],
                "direction": "Inbound",
                "name": "AllowSSH-Vnet",
                "priority": 100,
                "protocol": "Tcp",
                "source_address_prefix": "VirtualNetwork",
                "source_address_prefixes": [],
                "source_application_security_group_ids": [],
                "source_port_range": "*",
                "source_port_ranges": []
              },
              {
                "access": "Allow",
                "description": "",
                "destination_address_prefix": "*",
                "destination_address_prefixes": [],
                "destination_application_security_group_ids": [],
                "destination_port_range": "4000",
                "destination_port_ranges": [],
                "direction": "Inbound",
                "name": "AllowCustom4000",
                "priority": 101,
                "protocol": "Tcp",
                "source_address_prefix": "VirtualNetwork",
                "source_address_prefixes": [],
                "source_application_security_group_ids": [],
                "source_port_range": "*",
                "source_port_ranges": []
              }
            ],
            "tags": {},
            "timeouts": null
          },
          "sensitive_attributes": [],
          "private": "eyJlMmJmYjczMC1lY2FhLTExZTYtOGY4OC0zNDM2M2JjN2M0YzAiOnsiY3JlYXRlIjoxODAwMDAwMDAwMDAwLCJkZWxldGUiOjE4MDAwMDAwMDAwMDAsInJlYWQiOjMwMDAwMDAwMDAwMCwidXBkYXRlIjoxODAwMDAwMDAwMDAwfX0=",
          "dependencies": [
            "azurerm_resource_group.rg"
          ]
        }
      ]
    },
    {
      "mode": "managed",
      "type": "azurerm_network_security_group",
      "name": "JumpboxNSG",
      "provider": "provider[\"registry.terraform.io/hashicorp/azurerm\"]",
      "instances": [
        {
          "schema_version": 0,
          "attributes": {
            "id": "/subscriptions/e33683ea-80e9-4591-8bb0-6d477a3a7d03/resourceGroups/MyResourceGroup/providers/Microsoft.Network/networkSecurityGroups/JumpBoxNSG",
            "location": "eastasia",
            "name": "JumpBoxNSG",
            "resource_group_name": "MyResourceGroup",
            "security_rule": [
              {
                "access": "Allow",
                "description": "",
                "destination_address_prefix": "*",
                "destination_address_prefixes": [],
                "destination_application_security_group_ids": [],
                "destination_port_range": "22",
                "destination_port_ranges": [],
                "direction": "Inbound",
                "name": "AllowSSH-Vnet",
                "priority": 100,
                "protocol": "Tcp",
                "source_address_prefix": "*",
                "source_address_prefixes": [],
                "source_application_security_group_ids": [],
                "source_port_range": "*",
                "source_port_ranges": []
              }
            ],
            "tags": {},
            "timeouts": null
          },
          "sensitive_attributes": [],
          "private": "eyJlMmJmYjczMC1lY2FhLTExZTYtOGY4OC0zNDM2M2JjN2M0YzAiOnsiY3JlYXRlIjoxODAwMDAwMDAwMDAwLCJkZWxldGUiOjE4MDAwMDAwMDAwMDAsInJlYWQiOjMwMDAwMDAwMDAwMCwidXBkYXRlIjoxODAwMDAwMDAwMDAwfX0=",
          "dependencies": [
            "azurerm_resource_group.rg"
          ]
        }
      ]
    },
    {
      "mode": "managed",
      "type": "azurerm_network_security_group",
      "name": "WebNSG",
      "provider": "provider[\"registry.terraform.io/hashicorp/azurerm\"]",
      "instances": [
        {
          "schema_version": 0,
          "attributes": {
            "id": "/subscriptions/e33683ea-80e9-4591-8bb0-6d477a3a7d03/resourceGroups/MyResourceGroup/providers/Microsoft.Network/networkSecurityGroups/WebNSG",
            "location": "eastasia",
            "name": "WebNSG",
            "resource_group_name": "MyResourceGroup",
            "security_rule": [
              {
                "access": "Allow",
                "description": "",
                "destination_address_prefix": "*",
                "destination_address_prefixes": [],
                "destination_application_security_group_ids": [],
                "destination_port_range": "22",
                "destination_port_ranges": [],
                "direction": "Inbound",
                "name": "AllowSSH-Vnet",
                "priority": 100,
                "protocol": "Tcp",
                "source_address_prefix": "VirtualNetwork",
                "source_address_prefixes": [],
                "source_application_security_group_ids": [],
                "source_port_range": "*",
                "source_port_ranges": []
              },
              {
                "access": "Allow",
                "description": "",
                "destination_address_prefix": "*",
                "destination_address_prefixes": [],
                "destination_application_security_group_ids": [],
                "destination_port_range": "80",
                "destination_port_ranges": [],
                "direction": "Inbound",
                "name": "AllowHTTP-Vnet",
                "priority": 101,
                "protocol": "Tcp",
                "source_address_prefix": "VirtualNetwork",
                "source_address_prefixes": [],
                "source_application_security_group_ids": [],
                "source_port_range": "*",
                "source_port_ranges": []
              }
            ],
            "tags": {},
            "timeouts": null
          },
          "sensitive_attributes": [],
          "private": "eyJlMmJmYjczMC1lY2FhLTExZTYtOGY4OC0zNDM2M2JjN2M0YzAiOnsiY3JlYXRlIjoxODAwMDAwMDAwMDAwLCJkZWxldGUiOjE4MDAwMDAwMDAwMDAsInJlYWQiOjMwMDAwMDAwMDAwMCwidXBkYXRlIjoxODAwMDAwMDAwMDAwfX0=",
          "dependencies": [
            "azurerm_resource_group.rg"
          ]
        }
      ]
    },
    {
      "mode": "managed",
      "type": "azurerm_private_dns_zone",
      "name": "pdns",
      "provider": "provider[\"registry.terraform.io/hashicorp/azurerm\"]",
      "instances": [
        {
          "schema_version": 0,
          "attributes": {
            "id": "/subscriptions/e33683ea-80e9-4591-8bb0-6d477a3a7d03/resourceGroups/MyResourceGroup/providers/Microsoft.Network/privateDnsZones/mysql-serverdemo.private.mysql.database.azure.com",
            "max_number_of_record_sets": 25000,
            "max_number_of_virtual_network_links": 1000,
            "max_number_of_virtual_network_links_with_registration": 100,
            "name": "mysql-serverdemo.private.mysql.database.azure.com",
            "number_of_record_sets": 2,
            "resource_group_name": "MyResourceGroup",
            "soa_record": [
              {
                "email": "azureprivatedns-host.microsoft.com",
                "expire_time": 2419200,
                "fqdn": "mysql-serverdemo.private.mysql.database.azure.com.",
                "host_name": "azureprivatedns.net",
                "minimum_ttl": 10,
                "refresh_time": 3600,
                "retry_time": 300,
                "serial_number": 1,
                "tags": {},
                "ttl": 3600
              }
            ],
            "tags": {},
            "timeouts": null
          },
          "sensitive_attributes": [],
          "private": "eyJlMmJmYjczMC1lY2FhLTExZTYtOGY4OC0zNDM2M2JjN2M0YzAiOnsiY3JlYXRlIjoxODAwMDAwMDAwMDAwLCJkZWxldGUiOjE4MDAwMDAwMDAwMDAsInJlYWQiOjMwMDAwMDAwMDAwMCwidXBkYXRlIjoxODAwMDAwMDAwMDAwfX0=",
          "dependencies": [
            "azurerm_resource_group.rg",
            "azurerm_subnet.Vnet-DBSubnet",
            "azurerm_virtual_network.vnet"
          ]
        }
      ]
    },
    {
      "mode": "managed",
      "type": "azurerm_private_dns_zone_virtual_network_link",
      "name": "pdns-link",
      "provider": "provider[\"registry.terraform.io/hashicorp/azurerm\"]",
      "instances": [
        {
          "schema_version": 0,
          "attributes": {
            "id": "/subscriptions/e33683ea-80e9-4591-8bb0-6d477a3a7d03/resourceGroups/MyResourceGroup/providers/Microsoft.Network/privateDnsZones/mysql-serverdemo.private.mysql.database.azure.com/virtualNetworkLinks/exampleVnetZone.com",
            "name": "exampleVnetZone.com",
            "private_dns_zone_name": "mysql-serverdemo.private.mysql.database.azure.com",
            "registration_enabled": false,
            "resource_group_name": "MyResourceGroup",
            "tags": {},
            "timeouts": null,
            "virtual_network_id": "/subscriptions/e33683ea-80e9-4591-8bb0-6d477a3a7d03/resourceGroups/MyResourceGroup/providers/Microsoft.Network/virtualNetworks/Week2-Vnet"
          },
          "sensitive_attributes": [],
          "private": "eyJlMmJmYjczMC1lY2FhLTExZTYtOGY4OC0zNDM2M2JjN2M0YzAiOnsiY3JlYXRlIjoxODAwMDAwMDAwMDAwLCJkZWxldGUiOjE4MDAwMDAwMDAwMDAsInJlYWQiOjMwMDAwMDAwMDAwMCwidXBkYXRlIjoxODAwMDAwMDAwMDAwfX0=",
          "dependencies": [
            "azurerm_private_dns_zone.pdns",
            "azurerm_resource_group.rg",
            "azurerm_subnet.Vnet-DBSubnet",
            "azurerm_virtual_network.vnet"
          ]
        }
      ]
    },
    {
      "mode": "managed",
      "type": "azurerm_public_ip",
      "name": "AG-pip",
      "provider": "provider[\"registry.terraform.io/hashicorp/azurerm\"]",
      "instances": [
        {
          "schema_version": 0,
          "attributes": {
            "allocation_method": "Static",
            "ddos_protection_mode": "VirtualNetworkInherited",
            "ddos_protection_plan_id": null,
            "domain_name_label": null,
            "domain_name_label_scope": null,
            "edge_zone": "",
            "fqdn": null,
            "id": "/subscriptions/e33683ea-80e9-4591-8bb0-6d477a3a7d03/resourceGroups/MyResourceGroup/providers/Microsoft.Network/publicIPAddresses/AG-pip",
            "idle_timeout_in_minutes": 4,
            "ip_address": "20.2.199.82",
            "ip_tags": {},
            "ip_version": "IPv4",
            "location": "eastasia",
            "name": "AG-pip",
            "public_ip_prefix_id": null,
            "resource_group_name": "MyResourceGroup",
            "reverse_fqdn": null,
            "sku": "Standard",
            "sku_tier": "Regional",
            "tags": {},
            "timeouts": null,
            "zones": []
          },
          "sensitive_attributes": [],
          "private": "eyJlMmJmYjczMC1lY2FhLTExZTYtOGY4OC0zNDM2M2JjN2M0YzAiOnsiY3JlYXRlIjoxODAwMDAwMDAwMDAwLCJkZWxldGUiOjE4MDAwMDAwMDAwMDAsInJlYWQiOjMwMDAwMDAwMDAwMCwidXBkYXRlIjoxODAwMDAwMDAwMDAwfX0=",
          "dependencies": [
            "azurerm_resource_group.rg"
          ]
        }
      ]
    },
    {
      "mode": "managed",
      "type": "azurerm_public_ip",
      "name": "Jumpbox-pip",
      "provider": "provider[\"registry.terraform.io/hashicorp/azurerm\"]",
      "instances": [
        {
          "schema_version": 0,
          "attributes": {
            "allocation_method": "Static",
            "ddos_protection_mode": "VirtualNetworkInherited",
            "ddos_protection_plan_id": null,
            "domain_name_label": null,
            "domain_name_label_scope": null,
            "edge_zone": "",
            "fqdn": null,
            "id": "/subscriptions/e33683ea-80e9-4591-8bb0-6d477a3a7d03/resourceGroups/MyResourceGroup/providers/Microsoft.Network/publicIPAddresses/Jumpbox-pip",
            "idle_timeout_in_minutes": 4,
            "ip_address": "20.2.21.52",
            "ip_tags": {},
            "ip_version": "IPv4",
            "location": "eastasia",
            "name": "Jumpbox-pip",
            "public_ip_prefix_id": null,
            "resource_group_name": "MyResourceGroup",
            "reverse_fqdn": null,
            "sku": "Standard",
            "sku_tier": "Regional",
            "tags": {},
            "timeouts": null,
            "zones": []
          },
          "sensitive_attributes": [],
          "private": "eyJlMmJmYjczMC1lY2FhLTExZTYtOGY4OC0zNDM2M2JjN2M0YzAiOnsiY3JlYXRlIjoxODAwMDAwMDAwMDAwLCJkZWxldGUiOjE4MDAwMDAwMDAwMDAsInJlYWQiOjMwMDAwMDAwMDAwMCwidXBkYXRlIjoxODAwMDAwMDAwMDAwfX0=",
          "dependencies": [
            "azurerm_resource_group.rg"
          ]
        }
      ]
    },
    {
      "mode": "managed",
      "type": "azurerm_resource_group",
      "name": "rg",
      "provider": "provider[\"registry.terraform.io/hashicorp/azurerm\"]",
      "instances": [
        {
          "schema_version": 0,
          "attributes": {
            "id": "/subscriptions/e33683ea-80e9-4591-8bb0-6d477a3a7d03/resourceGroups/MyResourceGroup",
            "location": "eastasia",
            "managed_by": "",
            "name": "MyResourceGroup",
            "tags": {},
            "timeouts": null
          },
          "sensitive_attributes": [],
          "private": "eyJlMmJmYjczMC1lY2FhLTExZTYtOGY4OC0zNDM2M2JjN2M0YzAiOnsiY3JlYXRlIjo1NDAwMDAwMDAwMDAwLCJkZWxldGUiOjU0MDAwMDAwMDAwMDAsInJlYWQiOjMwMDAwMDAwMDAwMCwidXBkYXRlIjo1NDAwMDAwMDAwMDAwfX0="
        }
      ]
    },
    {
      "mode": "managed",
      "type": "azurerm_subnet",
      "name": "Vnet-AGSubnet",
      "provider": "provider[\"registry.terraform.io/hashicorp/azurerm\"]",
      "instances": [
        {
          "schema_version": 0,
          "attributes": {
            "address_prefixes": [
              "10.0.0.0/24"
            ],
            "default_outbound_access_enabled": true,
            "delegation": [],
            "id": "/subscriptions/e33683ea-80e9-4591-8bb0-6d477a3a7d03/resourceGroups/MyResourceGroup/providers/Microsoft.Network/virtualNetworks/Week2-Vnet/subnets/ApplicationGatewaySubnet",
            "name": "ApplicationGatewaySubnet",
            "private_endpoint_network_policies": "Disabled",
            "private_link_service_network_policies_enabled": true,
            "resource_group_name": "MyResourceGroup",
            "service_endpoint_policy_ids": [],
            "service_endpoints": [],
            "timeouts": null,
            "virtual_network_name": "Week2-Vnet"
          },
          "sensitive_attributes": [],
          "private": "eyJlMmJmYjczMC1lY2FhLTExZTYtOGY4OC0zNDM2M2JjN2M0YzAiOnsiY3JlYXRlIjoxODAwMDAwMDAwMDAwLCJkZWxldGUiOjE4MDAwMDAwMDAwMDAsInJlYWQiOjMwMDAwMDAwMDAwMCwidXBkYXRlIjoxODAwMDAwMDAwMDAwfX0=",
          "dependencies": [
            "azurerm_resource_group.rg",
            "azurerm_virtual_network.vnet"
          ]
        }
      ]
    },
    {
      "mode": "managed",
      "type": "azurerm_subnet",
      "name": "Vnet-AppSubnet",
      "provider": "provider[\"registry.terraform.io/hashicorp/azurerm\"]",
      "instances": [
        {
          "schema_version": 0,
          "attributes": {
            "address_prefixes": [
              "10.0.1.0/24"
            ],
            "default_outbound_access_enabled": true,
            "delegation": [],
            "id": "/subscriptions/e33683ea-80e9-4591-8bb0-6d477a3a7d03/resourceGroups/MyResourceGroup/providers/Microsoft.Network/virtualNetworks/Week2-Vnet/subnets/AppSubnet",
            "name": "AppSubnet",
            "private_endpoint_network_policies": "Disabled",
            "private_link_service_network_policies_enabled": true,
            "resource_group_name": "MyResourceGroup",
            "service_endpoint_policy_ids": [],
            "service_endpoints": [],
            "timeouts": null,
            "virtual_network_name": "Week2-Vnet"
          },
          "sensitive_attributes": [],
          "private": "eyJlMmJmYjczMC1lY2FhLTExZTYtOGY4OC0zNDM2M2JjN2M0YzAiOnsiY3JlYXRlIjoxODAwMDAwMDAwMDAwLCJkZWxldGUiOjE4MDAwMDAwMDAwMDAsInJlYWQiOjMwMDAwMDAwMDAwMCwidXBkYXRlIjoxODAwMDAwMDAwMDAwfX0=",
          "dependencies": [
            "azurerm_resource_group.rg",
            "azurerm_virtual_network.vnet"
          ]
        }
      ]
    },
    {
      "mode": "managed",
      "type": "azurerm_subnet",
      "name": "Vnet-DBSubnet",
      "provider": "provider[\"registry.terraform.io/hashicorp/azurerm\"]",
      "instances": [
        {
          "schema_version": 0,
          "attributes": {
            "address_prefixes": [
              "10.0.3.0/24"
            ],
            "default_outbound_access_enabled": true,
            "delegation": [
              {
                "name": "fs",
                "service_delegation": [
                  {
                    "actions": [
                      "Microsoft.Network/virtualNetworks/subnets/join/action"
                    ],
                    "name": "Microsoft.DBforMySQL/flexibleServers"
                  }
                ]
              }
            ],
            "id": "/subscriptions/e33683ea-80e9-4591-8bb0-6d477a3a7d03/resourceGroups/MyResourceGroup/providers/Microsoft.Network/virtualNetworks/Week2-Vnet/subnets/DBSubnet",
            "name": "DBSubnet",
            "private_endpoint_network_policies": "Disabled",
            "private_link_service_network_policies_enabled": true,
            "resource_group_name": "MyResourceGroup",
            "service_endpoint_policy_ids": [],
            "service_endpoints": [
              "Microsoft.Storage"
            ],
            "timeouts": null,
            "virtual_network_name": "Week2-Vnet"
          },
          "sensitive_attributes": [],
          "private": "eyJlMmJmYjczMC1lY2FhLTExZTYtOGY4OC0zNDM2M2JjN2M0YzAiOnsiY3JlYXRlIjoxODAwMDAwMDAwMDAwLCJkZWxldGUiOjE4MDAwMDAwMDAwMDAsInJlYWQiOjMwMDAwMDAwMDAwMCwidXBkYXRlIjoxODAwMDAwMDAwMDAwfX0=",
          "dependencies": [
            "azurerm_resource_group.rg",
            "azurerm_virtual_network.vnet"
          ]
        }
      ]
    },
    {
      "mode": "managed",
      "type": "azurerm_subnet",
      "name": "Vnet-JumpboxSubnet",
      "provider": "provider[\"registry.terraform.io/hashicorp/azurerm\"]",
      "instances": [
        {
          "schema_version": 0,
          "attributes": {
            "address_prefixes": [
              "10.0.4.0/24"
            ],
            "default_outbound_access_enabled": true,
            "delegation": [],
            "id": "/subscriptions/e33683ea-80e9-4591-8bb0-6d477a3a7d03/resourceGroups/MyResourceGroup/providers/Microsoft.Network/virtualNetworks/Week2-Vnet/subnets/JumpboxSubnet",
            "name": "JumpboxSubnet",
            "private_endpoint_network_policies": "Disabled",
            "private_link_service_network_policies_enabled": true,
            "resource_group_name": "MyResourceGroup",
            "service_endpoint_policy_ids": [],
            "service_endpoints": [],
            "timeouts": null,
            "virtual_network_name": "Week2-Vnet"
          },
          "sensitive_attributes": [],
          "private": "eyJlMmJmYjczMC1lY2FhLTExZTYtOGY4OC0zNDM2M2JjN2M0YzAiOnsiY3JlYXRlIjoxODAwMDAwMDAwMDAwLCJkZWxldGUiOjE4MDAwMDAwMDAwMDAsInJlYWQiOjMwMDAwMDAwMDAwMCwidXBkYXRlIjoxODAwMDAwMDAwMDAwfX0=",
          "dependencies": [
            "azurerm_resource_group.rg",
            "azurerm_virtual_network.vnet"
          ]
        }
      ]
    },
    {
      "mode": "managed",
      "type": "azurerm_subnet",
      "name": "Vnet-WebSubnet",
      "provider": "provider[\"registry.terraform.io/hashicorp/azurerm\"]",
      "instances": [
        {
          "schema_version": 0,
          "attributes": {
            "address_prefixes": [
              "10.0.2.0/24"
            ],
            "default_outbound_access_enabled": true,
            "delegation": [],
            "id": "/subscriptions/e33683ea-80e9-4591-8bb0-6d477a3a7d03/resourceGroups/MyResourceGroup/providers/Microsoft.Network/virtualNetworks/Week2-Vnet/subnets/WebSubnet",
            "name": "WebSubnet",
            "private_endpoint_network_policies": "Disabled",
            "private_link_service_network_policies_enabled": true,
            "resource_group_name": "MyResourceGroup",
            "service_endpoint_policy_ids": [],
            "service_endpoints": [],
            "timeouts": null,
            "virtual_network_name": "Week2-Vnet"
          },
          "sensitive_attributes": [],
          "private": "eyJlMmJmYjczMC1lY2FhLTExZTYtOGY4OC0zNDM2M2JjN2M0YzAiOnsiY3JlYXRlIjoxODAwMDAwMDAwMDAwLCJkZWxldGUiOjE4MDAwMDAwMDAwMDAsInJlYWQiOjMwMDAwMDAwMDAwMCwidXBkYXRlIjoxODAwMDAwMDAwMDAwfX0=",
          "dependencies": [
            "azurerm_resource_group.rg",
            "azurerm_virtual_network.vnet"
          ]
        }
      ]
    },
    {
      "mode": "managed",
      "type": "azurerm_subnet_network_security_group_association",
      "name": "AppNSG-associate",
      "provider": "provider[\"registry.terraform.io/hashicorp/azurerm\"]",
      "instances": [
        {
          "schema_version": 0,
          "attributes": {
            "id": "/subscriptions/e33683ea-80e9-4591-8bb0-6d477a3a7d03/resourceGroups/MyResourceGroup/providers/Microsoft.Network/virtualNetworks/Week2-Vnet/subnets/AppSubnet",
            "network_security_group_id": "/subscriptions/e33683ea-80e9-4591-8bb0-6d477a3a7d03/resourceGroups/MyResourceGroup/providers/Microsoft.Network/networkSecurityGroups/AppNSG",
            "subnet_id": "/subscriptions/e33683ea-80e9-4591-8bb0-6d477a3a7d03/resourceGroups/MyResourceGroup/providers/Microsoft.Network/virtualNetworks/Week2-Vnet/subnets/AppSubnet",
            "timeouts": null
          },
          "sensitive_attributes": [],
          "private": "eyJlMmJmYjczMC1lY2FhLTExZTYtOGY4OC0zNDM2M2JjN2M0YzAiOnsiY3JlYXRlIjoxODAwMDAwMDAwMDAwLCJkZWxldGUiOjE4MDAwMDAwMDAwMDAsInJlYWQiOjMwMDAwMDAwMDAwMH19",
          "dependencies": [
            "azurerm_network_security_group.AppNSG",
            "azurerm_resource_group.rg",
            "azurerm_subnet.Vnet-AppSubnet",
            "azurerm_virtual_network.vnet"
          ]
        }
      ]
    },
    {
      "mode": "managed",
      "type": "azurerm_subnet_network_security_group_association",
      "name": "JumpBoxNSG-associate",
      "provider": "provider[\"registry.terraform.io/hashicorp/azurerm\"]",
      "instances": [
        {
          "schema_version": 0,
          "attributes": {
            "id": "/subscriptions/e33683ea-80e9-4591-8bb0-6d477a3a7d03/resourceGroups/MyResourceGroup/providers/Microsoft.Network/virtualNetworks/Week2-Vnet/subnets/JumpboxSubnet",
            "network_security_group_id": "/subscriptions/e33683ea-80e9-4591-8bb0-6d477a3a7d03/resourceGroups/MyResourceGroup/providers/Microsoft.Network/networkSecurityGroups/JumpBoxNSG",
            "subnet_id": "/subscriptions/e33683ea-80e9-4591-8bb0-6d477a3a7d03/resourceGroups/MyResourceGroup/providers/Microsoft.Network/virtualNetworks/Week2-Vnet/subnets/JumpboxSubnet",
            "timeouts": null
          },
          "sensitive_attributes": [],
          "private": "eyJlMmJmYjczMC1lY2FhLTExZTYtOGY4OC0zNDM2M2JjN2M0YzAiOnsiY3JlYXRlIjoxODAwMDAwMDAwMDAwLCJkZWxldGUiOjE4MDAwMDAwMDAwMDAsInJlYWQiOjMwMDAwMDAwMDAwMH19",
          "dependencies": [
            "azurerm_network_security_group.JumpboxNSG",
            "azurerm_resource_group.rg",
            "azurerm_subnet.Vnet-JumpboxSubnet",
            "azurerm_virtual_network.vnet"
          ]
        }
      ]
    },
    {
      "mode": "managed",
      "type": "azurerm_subnet_network_security_group_association",
      "name": "WebNSG-associate",
      "provider": "provider[\"registry.terraform.io/hashicorp/azurerm\"]",
      "instances": [
        {
          "schema_version": 0,
          "attributes": {
            "id": "/subscriptions/e33683ea-80e9-4591-8bb0-6d477a3a7d03/resourceGroups/MyResourceGroup/providers/Microsoft.Network/virtualNetworks/Week2-Vnet/subnets/WebSubnet",
            "network_security_group_id": "/subscriptions/e33683ea-80e9-4591-8bb0-6d477a3a7d03/resourceGroups/MyResourceGroup/providers/Microsoft.Network/networkSecurityGroups/WebNSG",
            "subnet_id": "/subscriptions/e33683ea-80e9-4591-8bb0-6d477a3a7d03/resourceGroups/MyResourceGroup/providers/Microsoft.Network/virtualNetworks/Week2-Vnet/subnets/WebSubnet",
            "timeouts": null
          },
          "sensitive_attributes": [],
          "private": "eyJlMmJmYjczMC1lY2FhLTExZTYtOGY4OC0zNDM2M2JjN2M0YzAiOnsiY3JlYXRlIjoxODAwMDAwMDAwMDAwLCJkZWxldGUiOjE4MDAwMDAwMDAwMDAsInJlYWQiOjMwMDAwMDAwMDAwMH19",
          "dependencies": [
            "azurerm_network_security_group.WebNSG",
            "azurerm_resource_group.rg",
            "azurerm_subnet.Vnet-WebSubnet",
            "azurerm_virtual_network.vnet"
          ]
        }
      ]
    },
    {
      "mode": "managed",
      "type": "azurerm_virtual_network",
      "name": "vnet",
      "provider": "provider[\"registry.terraform.io/hashicorp/azurerm\"]",
      "instances": [
        {
          "schema_version": 0,
          "attributes": {
            "address_space": [
              "10.0.0.0/16"
            ],
            "bgp_community": "",
            "ddos_protection_plan": [],
            "dns_servers": [],
            "edge_zone": "",
            "encryption": [],
            "flow_timeout_in_minutes": 0,
            "guid": "1f24cf24-7d36-46e3-bb64-eed82bfb6a03",
            "id": "/subscriptions/e33683ea-80e9-4591-8bb0-6d477a3a7d03/resourceGroups/MyResourceGroup/providers/Microsoft.Network/virtualNetworks/Week2-Vnet",
            "location": "eastasia",
            "name": "Week2-Vnet",
            "resource_group_name": "MyResourceGroup",
            "subnet": [
              {
                "address_prefixes": [
                  "10.0.0.0/24"
                ],
                "default_outbound_access_enabled": true,
                "delegation": [],
                "id": "/subscriptions/e33683ea-80e9-4591-8bb0-6d477a3a7d03/resourceGroups/MyResourceGroup/providers/Microsoft.Network/virtualNetworks/Week2-Vnet/subnets/ApplicationGatewaySubnet",
                "name": "ApplicationGatewaySubnet",
                "private_endpoint_network_policies": "Disabled",
                "private_link_service_network_policies_enabled": true,
                "route_table_id": "",
                "security_group": "",
                "service_endpoint_policy_ids": [],
                "service_endpoints": []
              },
              {
                "address_prefixes": [
                  "10.0.1.0/24"
                ],
                "default_outbound_access_enabled": true,
                "delegation": [],
                "id": "/subscriptions/e33683ea-80e9-4591-8bb0-6d477a3a7d03/resourceGroups/MyResourceGroup/providers/Microsoft.Network/virtualNetworks/Week2-Vnet/subnets/AppSubnet",
                "name": "AppSubnet",
                "private_endpoint_network_policies": "Disabled",
                "private_link_service_network_policies_enabled": true,
                "route_table_id": "",
                "security_group": "/subscriptions/e33683ea-80e9-4591-8bb0-6d477a3a7d03/resourceGroups/MyResourceGroup/providers/Microsoft.Network/networkSecurityGroups/AppNSG",
                "service_endpoint_policy_ids": [],
                "service_endpoints": []
              },
              {
                "address_prefixes": [
                  "10.0.2.0/24"
                ],
                "default_outbound_access_enabled": true,
                "delegation": [],
                "id": "/subscriptions/e33683ea-80e9-4591-8bb0-6d477a3a7d03/resourceGroups/MyResourceGroup/providers/Microsoft.Network/virtualNetworks/Week2-Vnet/subnets/WebSubnet",
                "name": "WebSubnet",
                "private_endpoint_network_policies": "Disabled",
                "private_link_service_network_policies_enabled": true,
                "route_table_id": "",
                "security_group": "/subscriptions/e33683ea-80e9-4591-8bb0-6d477a3a7d03/resourceGroups/MyResourceGroup/providers/Microsoft.Network/networkSecurityGroups/WebNSG",
                "service_endpoint_policy_ids": [],
                "service_endpoints": []
              },
              {
                "address_prefixes": [
                  "10.0.3.0/24"
                ],
                "default_outbound_access_enabled": true,
                "delegation": [
                  {
                    "name": "fs",
                    "service_delegation": [
                      {
                        "actions": [
                          "Microsoft.Network/virtualNetworks/subnets/join/action"
                        ],
                        "name": "Microsoft.DBforMySQL/flexibleServers"
                      }
                    ]
                  }
                ],
                "id": "/subscriptions/e33683ea-80e9-4591-8bb0-6d477a3a7d03/resourceGroups/MyResourceGroup/providers/Microsoft.Network/virtualNetworks/Week2-Vnet/subnets/DBSubnet",
                "name": "DBSubnet",
                "private_endpoint_network_policies": "Disabled",
                "private_link_service_network_policies_enabled": true,
                "route_table_id": "",
                "security_group": "",
                "service_endpoint_policy_ids": [],
                "service_endpoints": [
                  "Microsoft.Storage"
                ]
              },
              {
                "address_prefixes": [
                  "10.0.4.0/24"
                ],
                "default_outbound_access_enabled": true,
                "delegation": [],
                "id": "/subscriptions/e33683ea-80e9-4591-8bb0-6d477a3a7d03/resourceGroups/MyResourceGroup/providers/Microsoft.Network/virtualNetworks/Week2-Vnet/subnets/JumpboxSubnet",
                "name": "JumpboxSubnet",
                "private_endpoint_network_policies": "Disabled",
                "private_link_service_network_policies_enabled": true,
                "route_table_id": "",
                "security_group": "/subscriptions/e33683ea-80e9-4591-8bb0-6d477a3a7d03/resourceGroups/MyResourceGroup/providers/Microsoft.Network/networkSecurityGroups/JumpBoxNSG",
                "service_endpoint_policy_ids": [],
                "service_endpoints": []
              }
            ],
            "tags": {},
            "timeouts": null
          },
          "sensitive_attributes": [],
          "private": "eyJlMmJmYjczMC1lY2FhLTExZTYtOGY4OC0zNDM2M2JjN2M0YzAiOnsiY3JlYXRlIjoxODAwMDAwMDAwMDAwLCJkZWxldGUiOjE4MDAwMDAwMDAwMDAsInJlYWQiOjMwMDAwMDAwMDAwMCwidXBkYXRlIjoxODAwMDAwMDAwMDAwfX0=",
          "dependencies": [
            "azurerm_resource_group.rg"
          ]
        }
      ]
    }
  ],
  "check_results": null
}
